// !$*UTF8*$!
{
	archiveVersion = 1;
	classes = {
	};
	objectVersion = 50;
	objects = {

/* Begin PBXBuildFile section */
		503AF3572BF29D4800C751E7 /* AppDelegate.swift in Sources */ = {isa = PBXBuildFile; fileRef = 503AF3562BF29D4800C751E7 /* AppDelegate.swift */; };
		503AF3592BF29D4800C751E7 /* SceneDelegate.swift in Sources */ = {isa = PBXBuildFile; fileRef = 503AF3582BF29D4800C751E7 /* SceneDelegate.swift */; };
		503AF35B2BF29D4800C751E7 /* ViewController.swift in Sources */ = {isa = PBXBuildFile; fileRef = 503AF35A2BF29D4800C751E7 /* ViewController.swift */; };
		503AF35E2BF29D4800C751E7 /* Main.storyboard in Resources */ = {isa = PBXBuildFile; fileRef = 503AF35C2BF29D4800C751E7 /* Main.storyboard */; };
		503AF3612BF29D4800C751E7 /* PalmaSoundBoard.xcdatamodeld in Sources */ = {isa = PBXBuildFile; fileRef = 503AF35F2BF29D4800C751E7 /* PalmaSoundBoard.xcdatamodeld */; };
		503AF3632BF29D4C00C751E7 /* Assets.xcassets in Resources */ = {isa = PBXBuildFile; fileRef = 503AF3622BF29D4C00C751E7 /* Assets.xcassets */; };
		503AF3662BF29D4C00C751E7 /* LaunchScreen.storyboard in Resources */ = {isa = PBXBuildFile; fileRef = 503AF3642BF29D4C00C751E7 /* LaunchScreen.storyboard */; };
/* End PBXBuildFile section */

/* Begin PBXFileReference section */
		503AF3532BF29D4800C751E7 /* PalmaSoundBoard.app */ = {isa = PBXFileReference; explicitFileType = wrapper.application; includeInIndex = 0; path = PalmaSoundBoard.app; sourceTree = BUILT_PRODUCTS_DIR; };
		503AF3562BF29D4800C751E7 /* AppDelegate.swift */ = {isa = PBXFileReference; lastKnownFileType = sourcecode.swift; path = AppDelegate.swift; sourceTree = "<group>"; };
		503AF3582BF29D4800C751E7 /* SceneDelegate.swift */ = {isa = PBXFileReference; lastKnownFileType = sourcecode.swift; path = SceneDelegate.swift; sourceTree = "<group>"; };
		503AF35A2BF29D4800C751E7 /* ViewController.swift */ = {isa = PBXFileReference; lastKnownFileType = sourcecode.swift; path = ViewController.swift; sourceTree = "<group>"; };
		503AF35D2BF29D4800C751E7 /* Base */ = {isa = PBXFileReference; lastKnownFileType = file.storyboard; name = Base; path = Base.lproj/Main.storyboard; sourceTree = "<group>"; };
		503AF3602BF29D4800C751E7 /* PalmaSoundBoard.xcdatamodel */ = {isa = PBXFileReference; lastKnownFileType = wrapper.xcdatamodel; path = PalmaSoundBoard.xcdatamodel; sourceTree = "<group>"; };
		503AF3622BF29D4C00C751E7 /* Assets.xcassets */ = {isa = PBXFileReference; lastKnownFileType = folder.assetcatalog; path = Assets.xcassets; sourceTree = "<group>"; };
		503AF3652BF29D4C00C751E7 /* Base */ = {isa = PBXFileReference; lastKnownFileType = file.storyboard; name = Base; path = Base.lproj/LaunchScreen.storyboard; sourceTree = "<group>"; };
		503AF3672BF29D4C00C751E7 /* Info.plist */ = {isa = PBXFileReference; lastKnownFileType = text.plist.xml; path = Info.plist; sourceTree = "<group>"; };
/* End PBXFileReference section */

/* Begin PBXFrameworksBuildPhase section */
		503AF3502BF29D4800C751E7 /* Frameworks */ = {
			isa = PBXFrameworksBuildPhase;
			buildActionMask = 2147483647;
			files = (
			);
			runOnlyForDeploymentPostprocessing = 0;
		};
/* End PBXFrameworksBuildPhase section */

/* Begin PBXGroup section */
		503AF34A2BF29D4800C751E7 = {
			isa = PBXGroup;
			children = (
				503AF3552BF29D4800C751E7 /* PalmaSoundBoard */,
				503AF3542BF29D4800C751E7 /* Products */,
			);
			sourceTree = "<group>";
		};
		503AF3542BF29D4800C751E7 /* Products */ = {
			isa = PBXGroup;
			children = (
				503AF3532BF29D4800C751E7 /* PalmaSoundBoard.app */,
			);
			name = Products;
			sourceTree = "<group>";
		};
		503AF3552BF29D4800C751E7 /* PalmaSoundBoard */ = {
			isa = PBXGroup;
			children = (
				503AF3562BF29D4800C751E7 /* AppDelegate.swift */,
				503AF3582BF29D4800C751E7 /* SceneDelegate.swift */,
				503AF35A2BF29D4800C751E7 /* ViewController.swift */,
				503AF35C2BF29D4800C751E7 /* Main.storyboard */,
				503AF3622BF29D4C00C751E7 /* Assets.xcassets */,
				503AF3642BF29D4C00C751E7 /* LaunchScreen.storyboard */,
				503AF3672BF29D4C00C751E7 /* Info.plist */,
				503AF35F2BF29D4800C751E7 /* PalmaSoundBoard.xcdatamodeld */,
			);
			path = PalmaSoundBoard;
			sourceTree = "<group>";
		};
/* End PBXGroup section */

/* Begin PBXNativeTarget section */
		503AF3522BF29D4800C751E7 /* PalmaSoundBoard */ = {
			isa = PBXNativeTarget;
			buildConfigurationList = 503AF36A2BF29D4C00C751E7 /* Build configuration list for PBXNativeTarget "PalmaSoundBoard" */;
			buildPhases = (
				503AF34F2BF29D4800C751E7 /* Sources */,
				503AF3502BF29D4800C751E7 /* Frameworks */,
				503AF3512BF29D4800C751E7 /* Resources */,
			);
			buildRules = (
			);
			dependencies = (
			);
			name = PalmaSoundBoard;
			productName = PalmaSoundBoard;
			productReference = 503AF3532BF29D4800C751E7 /* PalmaSoundBoard.app */;
			productType = "com.apple.product-type.application";
		};
/* End PBXNativeTarget section */

/* Begin PBXProject section */
		503AF34B2BF29D4800C751E7 /* Project object */ = {
			isa = PBXProject;
			attributes = {
				LastSwiftUpdateCheck = 1130;
				LastUpgradeCheck = 1130;
				ORGANIZATIONNAME = empresa;
				TargetAttributes = {
					503AF3522BF29D4800C751E7 = {
						CreatedOnToolsVersion = 11.3.1;
					};
				};
			};
			buildConfigurationList = 503AF34E2BF29D4800C751E7 /* Build configuration list for PBXProject "PalmaSoundBoard" */;
			compatibilityVersion = "Xcode 9.3";
			developmentRegion = en;
			hasScannedForEncodings = 0;
			knownRegions = (
				en,
				Base,
			);
			mainGroup = 503AF34A2BF29D4800C751E7;
			productRefGroup = 503AF3542BF29D4800C751E7 /* Products */;
			projectDirPath = "";
			projectRoot = "";
			targets = (
				503AF3522BF29D4800C751E7 /* PalmaSoundBoard */,
			);
		};
/* End PBXProject section */

/* Begin PBXResourcesBuildPhase section */
		503AF3512BF29D4800C751E7 /* Resources */ = {
			isa = PBXResourcesBuildPhase;
			buildActionMask = 2147483647;
			files = (
				503AF3662BF29D4C00C751E7 /* LaunchScreen.storyboard in Resources */,
				503AF3632BF29D4C00C751E7 /* Assets.xcassets in Resources */,
				503AF35E2BF29D4800C751E7 /* Main.storyboard in Resources */,
			);
			runOnlyForDeploymentPostprocessing = 0;
		};
/* End PBXResourcesBuildPhase section */

/* Begin PBXSourcesBuildPhase section */
		503AF34F2BF29D4800C751E7 /* Sources */ = {
			isa = PBXSourcesBuildPhase;
			buildActionMask = 2147483647;
			files = (
				503AF3612BF29D4800C751E7 /* PalmaSoundBoard.xcdatamodeld in Sources */,
				503AF35B2BF29D4800C751E7 /* ViewController.swift in Sources */,
				503AF3572BF29D4800C751E7 /* AppDelegate.swift in Sources */,
				503AF3592BF29D4800C751E7 /* SceneDelegate.swift in Sources */,
			);
			runOnlyForDeploymentPostprocessing = 0;
		};
/* End PBXSourcesBuildPhase section */

/* Begin PBXVariantGroup section */
		503AF35C2BF29D4800C751E7 /* Main.storyboard */ = {
			isa = PBXVariantGroup;
			children = (
				503AF35D2BF29D4800C751E7 /* Base */,
			);
			name = Main.storyboard;
			sourceTree = "<group>";
		};
		503AF3642BF29D4C00C751E7 /* LaunchScreen.storyboard */ = {
			isa = PBXVariantGroup;
			children = (
				503AF3652BF29D4C00C751E7 /* Base */,
			);
			name = LaunchScreen.storyboard;
			sourceTree = "<group>";
		};
/* End PBXVariantGroup section */

/* Begin XCBuildConfiguration section */
		503AF3682BF29D4C00C751E7 /* Debug */ = {
			isa = XCBuildConfiguration;
			buildSettings = {
				ALWAYS_SEARCH_USER_PATHS = NO;
				CLANG_ANALYZER_NONNULL = YES;
				CLANG_ANALYZER_NUMBER_OBJECT_CONVERSION = YES_AGGRESSIVE;
				CLANG_CXX_LANGUAGE_STANDARD = "gnu++14";
				CLANG_CXX_LIBRARY = "libc++";
				CLANG_ENABLE_MODULES = YES;
				CLANG_ENABLE_OBJC_ARC = YES;
				CLANG_ENABLE_OBJC_WEAK = YES;
				CLANG_WARN_BLOCK_CAPTURE_AUTORELEASING = YES;
				CLANG_WARN_BOOL_CONVERSION = YES;
				CLANG_WARN_COMMA = YES;
				CLANG_WARN_CONSTANT_CONVERSION = YES;
				CLANG_WARN_DEPRECATED_OBJC_IMPLEMENTATIONS = YES;
				CLANG_WARN_DIRECT_OBJC_ISA_USAGE = YES_ERROR;
				CLANG_WARN_DOCUMENTATION_COMMENTS = YES;
				CLANG_WARN_EMPTY_BODY = YES;
				CLANG_WARN_ENUM_CONVERSION = YES;
				CLANG_WARN_INFINITE_RECURSION = YES;
				CLANG_WARN_INT_CONVERSION = YES;
				CLANG_WARN_NON_LITERAL_NULL_CONVERSION = YES;
				CLANG_WARN_OBJC_IMPLICIT_RETAIN_SELF = YES;
				CLANG_WARN_OBJC_LITERAL_CONVERSION = YES;
				CLANG_WARN_OBJC_ROOT_CLASS = YES_ERROR;
				CLANG_WARN_RANGE_LOOP_ANALYSIS = YES;
				CLANG_WARN_STRICT_PROTOTYPES = YES;
				CLANG_WARN_SUSPICIOUS_MOVE = YES;
				CLANG_WARN_UNGUARDED_AVAILABILITY = YES_AGGRESSIVE;
				CLANG_WARN_UNREACHABLE_CODE = YES;
				CLANG_WARN__DUPLICATE_METHOD_MATCH = YES;
				COPY_PHASE_STRIP = NO;
				DEBUG_INFORMATION_FORMAT = dwarf;
				ENABLE_STRICT_OBJC_MSGSEND = YES;
				ENABLE_TESTABILITY = YES;
				GCC_C_LANGUAGE_STANDARD = gnu11;
				GCC_DYNAMIC_NO_PIC = NO;
				GCC_NO_COMMON_BLOCKS = YES;
				GCC_OPTIMIZATION_LEVEL = 0;
				GCC_PREPROCESSOR_DEFINITIONS = (
					"DEBUG=1",
					"$(inherited)",
				);
				GCC_WARN_64_TO_32_BIT_CONVERSION = YES;
				GCC_WARN_ABOUT_RETURN_TYPE = YES_ERROR;
				GCC_WARN_UNDECLARED_SELECTOR = YES;
				GCC_WARN_UNINITIALIZED_AUTOS = YES_AGGRESSIVE;
				GCC_WARN_UNUSED_FUNCTION = YES;
				GCC_WARN_UNUSED_VARIABLE = YES;
				IPHONEOS_DEPLOYMENT_TARGET = 13.2;
				MTL_ENABLE_DEBUG_INFO = INCLUDE_SOURCE;
				MTL_FAST_MATH = YES;
				ONLY_ACTIVE_ARCH = YES;
				SDKROOT = iphoneos;
				SWIFT_ACTIVE_COMPILATION_CONDITIONS = DEBUG;
				SWIFT_OPTIMIZATION_LEVEL = "-Onone";
			};
			name = Debug;
		};
		503AF3692BF29D4C00C751E7 /* Release */ = {
			isa = XCBuildConfiguration;
			buildSettings = {
				ALWAYS_SEARCH_USER_PATHS = NO;
				CLANG_ANALYZER_NONNULL = YES;
				CLANG_ANALYZER_NUMBER_OBJECT_CONVERSION = YES_AGGRESSIVE;
				CLANG_CXX_LANGUAGE_STANDARD = "gnu++14";
				CLANG_CXX_LIBRARY = "libc++";
				CLANG_ENABLE_MODULES = YES;
				CLANG_ENABLE_OBJC_ARC = YES;
				CLANG_ENABLE_OBJC_WEAK = YES;
				CLANG_WARN_BLOCK_CAPTURE_AUTORELEASING = YES;
				CLANG_WARN_BOOL_CONVERSION = YES;
				CLANG_WARN_COMMA = YES;
				CLANG_WARN_CONSTANT_CONVERSION = YES;
				CLANG_WARN_DEPRECATED_OBJC_IMPLEMENTATIONS = YES;
				CLANG_WARN_DIRECT_OBJC_ISA_USAGE = YES_ERROR;
				CLANG_WARN_DOCUMENTATION_COMMENTS = YES;
				CLANG_WARN_EMPTY_BODY = YES;
				CLANG_WARN_ENUM_CONVERSION = YES;
				CLANG_WARN_INFINITE_RECURSION = YES;
				CLANG_WARN_INT_CONVERSION = YES;
				CLANG_WARN_NON_LITERAL_NULL_CONVERSION = YES;
				CLANG_WARN_OBJC_IMPLICIT_RETAIN_SELF = YES;
				CLANG_WARN_OBJC_LITERAL_CONVERSION = YES;
				CLANG_WARN_OBJC_ROOT_CLASS = YES_ERROR;
				CLANG_WARN_RANGE_LOOP_ANALYSIS = YES;
				CLANG_WARN_STRICT_PROTOTYPES = YES;
				CLANG_WARN_SUSPICIOUS_MOVE = YES;
				CLANG_WARN_UNGUARDED_AVAILABILITY = YES_AGGRESSIVE;
				CLANG_WARN_UNREACHABLE_CODE = YES;
				CLANG_WARN__DUPLICATE_METHOD_MATCH = YES;
				COPY_PHASE_STRIP = NO;
				DEBUG_INFORMATION_FORMAT = "dwarf-with-dsym";
				ENABLE_NS_ASSERTIONS = NO;
				ENABLE_STRICT_OBJC_MSGSEND = YES;
				GCC_C_LANGUAGE_STANDARD = gnu11;
				GCC_NO_COMMON_BLOCKS = YES;
				GCC_WARN_64_TO_32_BIT_CONVERSION = YES;
				GCC_WARN_ABOUT_RETURN_TYPE = YES_ERROR;
				GCC_WARN_UNDECLARED_SELECTOR = YES;
				GCC_WARN_UNINITIALIZED_AUTOS = YES_AGGRESSIVE;
				GCC_WARN_UNUSED_FUNCTION = YES;
				GCC_WARN_UNUSED_VARIABLE = YES;
				IPHONEOS_DEPLOYMENT_TARGET = 13.2;
				MTL_ENABLE_DEBUG_INFO = NO;
				MTL_FAST_MATH = YES;
				SDKROOT = iphoneos;
				SWIFT_COMPILATION_MODE = wholemodule;
				SWIFT_OPTIMIZATION_LEVEL = "-O";
				VALIDATE_PRODUCT = YES;
			};
			name = Release;
		};
		503AF36B2BF29D4C00C751E7 /* Debug */ = {
			isa = XCBuildConfiguration;
			buildSettings = {
				ASSETCATALOG_COMPILER_APPICON_NAME = AppIcon;
				CODE_SIGN_STYLE = Automatic;
				INFOPLIST_FILE = PalmaSoundBoard/Info.plist;
				LD_RUNPATH_SEARCH_PATHS = (
					"$(inherited)",
					"@executable_path/Frameworks",
				);
				PRODUCT_BUNDLE_IDENTIFIER = com.miempresa.PalmaSoundBoard;
				PRODUCT_NAME = "$(TARGET_NAME)";
				SWIFT_VERSION = 5.0;
				TARGETED_DEVICE_FAMILY = "1,2";
			};
			name = Debug;
		};
		503AF36C2BF29D4C00C751E7 /* Release */ = {
			isa = XCBuildConfiguration;
			buildSettings = {
				ASSETCATALOG_COMPILER_APPICON_NAME = AppIcon;
				CODE_SIGN_STYLE = Automatic;
				INFOPLIST_FILE = PalmaSoundBoard/Info.plist;
				LD_RUNPATH_SEARCH_PATHS = (
					"$(inherited)",
					"@executable_path/Frameworks",
				);
				PRODUCT_BUNDLE_IDENTIFIER = com.miempresa.PalmaSoundBoard;
				PRODUCT_NAME = "$(TARGET_NAME)";
				SWIFT_VERSION = 5.0;
				TARGETED_DEVICE_FAMILY = "1,2";
			};
			name = Release;
		};
/* End XCBuildConfiguration section */

/* Begin XCConfigurationList section */
		503AF34E2BF29D4800C751E7 /* Build configuration list for PBXProject "PalmaSoundBoard" */ = {
			isa = XCConfigurationList;
			buildConfigurations = (
				503AF3682BF29D4C00C751E7 /* Debug */,
				503AF3692BF29D4C00C751E7 /* Release */,
			);
			defaultConfigurationIsVisible = 0;
			defaultConfigurationName = Release;
		};
		503AF36A2BF29D4C00C751E7 /* Build configuration list for PBXNativeTarget "PalmaSoundBoard" */ = {
			isa = XCConfigurationList;
			buildConfigurations = (
				503AF36B2BF29D4C00C751E7 /* Debug */,
				503AF36C2BF29D4C00C751E7 /* Release */,
			);
			defaultConfigurationIsVisible = 0;
			defaultConfigurationName = Release;
		};
/* End XCConfigurationList section */

/* Begin XCVersionGroup section */
		503AF35F2BF29D4800C751E7 /* PalmaSoundBoard.xcdatamodeld */ = {
			isa = XCVersionGroup;
			children = (
				503AF3602BF29D4800C751E7 /* PalmaSoundBoard.xcdatamodel */,
			);
			currentVersion = 503AF3602BF29D4800C751E7 /* PalmaSoundBoard.xcdatamodel */;
			path = PalmaSoundBoard.xcdatamodeld;
			sourceTree = "<group>";
			versionGroupType = wrapper.xcdatamodel;
		};
/* End XCVersionGroup section */
	};
	rootObject = 503AF34B2BF29D4800C751E7 /* Project object */;
}
